
Microsoft Visual Studio Solution File, Format Version 12.00
# Visual Studio 2013
VisualStudioVersion = 12.0.30723.0
MinimumVisualStudioVersion = 10.0.40219.1
Project("{FAE04EC0-301F-11D3-BF4B-00C04F79EFBC}") = "TWTestApp01", "TWTestApp01\TWTestApp01.csproj", "{C6FF3C5C-FBD6-4C32-AFE4-F5E353FBA3E9}"
EndProject
Project("{CC5FD16D-436D-48AD-A40C-5A424C6E3E79}") = "TWTestAppCloud", "TWTestAppCloud\TWTestAppCloud.ccproj", "{31B5471A-5A21-4E50-9FC3-9F17F0456B54}"
EndProject
Global
	GlobalSection(SolutionConfigurationPlatforms) = preSolution
		Debug|Any CPU = Debug|Any CPU
		Release|Any CPU = Release|Any CPU
	EndGlobalSection
	GlobalSection(ProjectConfigurationPlatforms) = postSolution
		{C6FF3C5C-FBD6-4C32-AFE4-F5E353FBA3E9}.Debug|Any CPU.ActiveCfg = Debug|Any CPU
		{C6FF3C5C-FBD6-4C32-AFE4-F5E353FBA3E9}.Debug|Any CPU.Build.0 = Debug|Any CPU
		{C6FF3C5C-FBD6-4C32-AFE4-F5E353FBA3E9}.Release|Any CPU.ActiveCfg = Release|Any CPU
		{C6FF3C5C-FBD6-4C32-AFE4-F5E353FBA3E9}.Release|Any CPU.Build.0 = Release|Any CPU
		{31B5471A-5A21-4E50-9FC3-9F17F0456B54}.Debug|Any CPU.ActiveCfg = Debug|Any CPU
		{31B5471A-5A21-4E50-9FC3-9F17F0456B54}.Debug|Any CPU.Build.0 = Debug|Any CPU
		{31B5471A-5A21-4E50-9FC3-9F17F0456B54}.Release|Any CPU.ActiveCfg = Release|Any CPU
		{31B5471A-5A21-4E50-9FC3-9F17F0456B54}.Release|Any CPU.Build.0 = Release|Any CPU
	EndGlobalSection
	GlobalSection(SolutionProperties) = preSolution
		HideSolutionNode = FALSE
	EndGlobalSection
EndGlobal
